
Microsoft Visual Studio Solution File, Format Version 12.00
# Visual Studio Version 17
VisualStudioVersion = 17.7.34221.43
MinimumVisualStudioVersion = 10.0.40219.1
Project("{9A19103F-16F7-4668-BE54-9A1E7A4F7556}") = "WebStoreApp", "WebStoreApp\WebStoreApp.csproj", "{7BF817FD-560E-48C5-B495-1A3D4904974B}"
EndProject
Project("{9A19103F-16F7-4668-BE54-9A1E7A4F7556}") = "WedStoreApp.Entities", "WedStoreApp.Entities\WedStoreApp.Entities.csproj", "{054E4412-49FF-4E35-A2E6-0665A71F7972}"
EndProject
Project("{9A19103F-16F7-4668-BE54-9A1E7A4F7556}") = "WebStoreApp.DataAccess", "WebStoreApp.DataAccess\WebStoreApp.DataAccess.csproj", "{6E70DD70-EB57-4BB3-80B7-612AD70EC5C5}"
EndProject
Project("{FAE04EC0-301F-11D3-BF4B-00C04F79EFBC}") = "WebStoreApp.Dto", "WebStoreApp.Dto\WebStoreApp.Dto.csproj", "{E730267B-BD41-4DE2-B103-7EE25859C623}"
EndProject
Project("{FAE04EC0-301F-11D3-BF4B-00C04F79EFBC}") = "WebStoreApp.Services", "WebStoreApp.Services\WebStoreApp.Services.csproj", "{B7B6A983-C0ED-48F0-BE72-2E72F2B67CAF}"
EndProject
Project("{FAE04EC0-301F-11D3-BF4B-00C04F79EFBC}") = "WebStoreApp.Services.Contract", "WebStoreApp.Services.Contract\WebStoreApp.Services.Contract.csproj", "{03DCEDCA-C98B-4FA7-A163-0EFCDB38E511}"
EndProject
Global
	GlobalSection(SolutionConfigurationPlatforms) = preSolution
		Debug|Any CPU = Debug|Any CPU
		Release|Any CPU = Release|Any CPU
	EndGlobalSection
	GlobalSection(ProjectConfigurationPlatforms) = postSolution
		{7BF817FD-560E-48C5-B495-1A3D4904974B}.Debug|Any CPU.ActiveCfg = Debug|Any CPU
		{7BF817FD-560E-48C5-B495-1A3D4904974B}.Debug|Any CPU.Build.0 = Debug|Any CPU
		{7BF817FD-560E-48C5-B495-1A3D4904974B}.Release|Any CPU.ActiveCfg = Release|Any CPU
		{7BF817FD-560E-48C5-B495-1A3D4904974B}.Release|Any CPU.Build.0 = Release|Any CPU
		{054E4412-49FF-4E35-A2E6-0665A71F7972}.Debug|Any CPU.ActiveCfg = Debug|Any CPU
		{054E4412-49FF-4E35-A2E6-0665A71F7972}.Debug|Any CPU.Build.0 = Debug|Any CPU
		{054E4412-49FF-4E35-A2E6-0665A71F7972}.Release|Any CPU.ActiveCfg = Release|Any CPU
		{054E4412-49FF-4E35-A2E6-0665A71F7972}.Release|Any CPU.Build.0 = Release|Any CPU
		{6E70DD70-EB57-4BB3-80B7-612AD70EC5C5}.Debug|Any CPU.ActiveCfg = Debug|Any CPU
		{6E70DD70-EB57-4BB3-80B7-612AD70EC5C5}.Debug|Any CPU.Build.0 = Debug|Any CPU
		{6E70DD70-EB57-4BB3-80B7-612AD70EC5C5}.Release|Any CPU.ActiveCfg = Release|Any CPU
		{6E70DD70-EB57-4BB3-80B7-612AD70EC5C5}.Release|Any CPU.Build.0 = Release|Any CPU
		{E730267B-BD41-4DE2-B103-7EE25859C623}.Debug|Any CPU.ActiveCfg = Debug|Any CPU
		{E730267B-BD41-4DE2-B103-7EE25859C623}.Debug|Any CPU.Build.0 = Debug|Any CPU
		{E730267B-BD41-4DE2-B103-7EE25859C623}.Release|Any CPU.ActiveCfg = Release|Any CPU
		{E730267B-BD41-4DE2-B103-7EE25859C623}.Release|Any CPU.Build.0 = Release|Any CPU
		{B7B6A983-C0ED-48F0-BE72-2E72F2B67CAF}.Debug|Any CPU.ActiveCfg = Debug|Any CPU
		{B7B6A983-C0ED-48F0-BE72-2E72F2B67CAF}.Debug|Any CPU.Build.0 = Debug|Any CPU
		{B7B6A983-C0ED-48F0-BE72-2E72F2B67CAF}.Release|Any CPU.ActiveCfg = Release|Any CPU
		{B7B6A983-C0ED-48F0-BE72-2E72F2B67CAF}.Release|Any CPU.Build.0 = Release|Any CPU
		{03DCEDCA-C98B-4FA7-A163-0EFCDB38E511}.Debug|Any CPU.ActiveCfg = Debug|Any CPU
		{03DCEDCA-C98B-4FA7-A163-0EFCDB38E511}.Debug|Any CPU.Build.0 = Debug|Any CPU
		{03DCEDCA-C98B-4FA7-A163-0EFCDB38E511}.Release|Any CPU.ActiveCfg = Release|Any CPU
		{03DCEDCA-C98B-4FA7-A163-0EFCDB38E511}.Release|Any CPU.Build.0 = Release|Any CPU
	EndGlobalSection
	GlobalSection(SolutionProperties) = preSolution
		HideSolutionNode = FALSE
	EndGlobalSection
	GlobalSection(ExtensibilityGlobals) = postSolution
		SolutionGuid = {3F97AD35-9832-4A9E-8B55-178DCBC24030}
	EndGlobalSection
EndGlobal
